
Microsoft Visual Studio Solution File, Format Version 12.00
# Visual Studio 15
VisualStudioVersion = 15.0.27004.2010
MinimumVisualStudioVersion = 10.0.40219.1
Project("{FAE04EC0-301F-11D3-BF4B-00C04F79EFBC}") = "DriveApp.Android", "DriveApp\DriveApp.Android\DriveApp.Android.csproj", "{C16D902D-0053-49B3-B32F-F0AC8883704E}"
EndProject
Project("{FAE04EC0-301F-11D3-BF4B-00C04F79EFBC}") = "DriveApp", "DriveApp\DriveApp\DriveApp.csproj", "{3C4002CA-5DE9-4DB5-B920-98EFEA2D4E80}"
EndProject
Project("{FAE04EC0-301F-11D3-BF4B-00C04F79EFBC}") = "DriveApp.UWP", "DriveApp\DriveApp.UWP\DriveApp.UWP.csproj", "{688D46EC-F6F3-4DF0-84D3-A7BD8991626F}"
EndProject
Project("{FAE04EC0-301F-11D3-BF4B-00C04F79EFBC}") = "DriveApp.iOS", "DriveApp\DriveApp.iOS\DriveApp.iOS.csproj", "{C20A3B10-7D1B-4157-9FC4-9CBBCE40E984}"
EndProject
Global
	GlobalSection(SolutionConfigurationPlatforms) = preSolution
		Ad-Hoc|Any CPU = Ad-Hoc|Any CPU
		Ad-Hoc|ARM = Ad-Hoc|ARM
		Ad-Hoc|iPhone = Ad-Hoc|iPhone
		Ad-Hoc|iPhoneSimulator = Ad-Hoc|iPhoneSimulator
		Ad-Hoc|x64 = Ad-Hoc|x64
		Ad-Hoc|x86 = Ad-Hoc|x86
		AppStore|Any CPU = AppStore|Any CPU
		AppStore|ARM = AppStore|ARM
		AppStore|iPhone = AppStore|iPhone
		AppStore|iPhoneSimulator = AppStore|iPhoneSimulator
		AppStore|x64 = AppStore|x64
		AppStore|x86 = AppStore|x86
		Debug|Any CPU = Debug|Any CPU
		Debug|ARM = Debug|ARM
		Debug|iPhone = Debug|iPhone
		Debug|iPhoneSimulator = Debug|iPhoneSimulator
		Debug|x64 = Debug|x64
		Debug|x86 = Debug|x86
		Release|Any CPU = Release|Any CPU
		Release|ARM = Release|ARM
		Release|iPhone = Release|iPhone
		Release|iPhoneSimulator = Release|iPhoneSimulator
		Release|x64 = Release|x64
		Release|x86 = Release|x86
	EndGlobalSection
	GlobalSection(ProjectConfigurationPlatforms) = postSolution
		{C16D902D-0053-49B3-B32F-F0AC8883704E}.Ad-Hoc|Any CPU.ActiveCfg = Release|Any CPU
		{C16D902D-0053-49B3-B32F-F0AC8883704E}.Ad-Hoc|Any CPU.Build.0 = Release|Any CPU
		{C16D902D-0053-49B3-B32F-F0AC8883704E}.Ad-Hoc|Any CPU.Deploy.0 = Release|Any CPU
		{C16D902D-0053-49B3-B32F-F0AC8883704E}.Ad-Hoc|ARM.ActiveCfg = Release|Any CPU
		{C16D902D-0053-49B3-B32F-F0AC8883704E}.Ad-Hoc|ARM.Build.0 = Release|Any CPU
		{C16D902D-0053-49B3-B32F-F0AC8883704E}.Ad-Hoc|ARM.Deploy.0 = Release|Any CPU
		{C16D902D-0053-49B3-B32F-F0AC8883704E}.Ad-Hoc|iPhone.ActiveCfg = Release|Any CPU
		{C16D902D-0053-49B3-B32F-F0AC8883704E}.Ad-Hoc|iPhone.Build.0 = Release|Any CPU
		{C16D902D-0053-49B3-B32F-F0AC8883704E}.Ad-Hoc|iPhone.Deploy.0 = Release|Any CPU
		{C16D902D-0053-49B3-B32F-F0AC8883704E}.Ad-Hoc|iPhoneSimulator.ActiveCfg = Release|Any CPU
		{C16D902D-0053-49B3-B32F-F0AC8883704E}.Ad-Hoc|iPhoneSimulator.Build.0 = Release|Any CPU
		{C16D902D-0053-49B3-B32F-F0AC8883704E}.Ad-Hoc|iPhoneSimulator.Deploy.0 = Release|Any CPU
		{C16D902D-0053-49B3-B32F-F0AC8883704E}.Ad-Hoc|x64.ActiveCfg = Release|Any CPU
		{C16D902D-0053-49B3-B32F-F0AC8883704E}.Ad-Hoc|x64.Build.0 = Release|Any CPU
		{C16D902D-0053-49B3-B32F-F0AC8883704E}.Ad-Hoc|x64.Deploy.0 = Release|Any CPU
		{C16D902D-0053-49B3-B32F-F0AC8883704E}.Ad-Hoc|x86.ActiveCfg = Release|Any CPU
		{C16D902D-0053-49B3-B32F-F0AC8883704E}.Ad-Hoc|x86.Build.0 = Release|Any CPU
		{C16D902D-0053-49B3-B32F-F0AC8883704E}.Ad-Hoc|x86.Deploy.0 = Release|Any CPU
		{C16D902D-0053-49B3-B32F-F0AC8883704E}.AppStore|Any CPU.ActiveCfg = Release|Any CPU
		{C16D902D-0053-49B3-B32F-F0AC8883704E}.AppStore|Any CPU.Build.0 = Release|Any CPU
		{C16D902D-0053-49B3-B32F-F0AC8883704E}.AppStore|Any CPU.Deploy.0 = Release|Any CPU
		{C16D902D-0053-49B3-B32F-F0AC8883704E}.AppStore|ARM.ActiveCfg = Release|Any CPU
		{C16D902D-0053-49B3-B32F-F0AC8883704E}.AppStore|ARM.Build.0 = Release|Any CPU
		{C16D902D-0053-49B3-B32F-F0AC8883704E}.AppStore|ARM.Deploy.0 = Release|Any CPU
		{C16D902D-0053-49B3-B32F-F0AC8883704E}.AppStore|iPhone.ActiveCfg = Release|Any CPU
		{C16D902D-0053-49B3-B32F-F0AC8883704E}.AppStore|iPhone.Build.0 = Release|Any CPU
		{C16D902D-0053-49B3-B32F-F0AC8883704E}.AppStore|iPhone.Deploy.0 = Release|Any CPU
		{C16D902D-0053-49B3-B32F-F0AC8883704E}.AppStore|iPhoneSimulator.ActiveCfg = Release|Any CPU
		{C16D902D-0053-49B3-B32F-F0AC8883704E}.AppStore|iPhoneSimulator.Build.0 = Release|Any CPU
		{C16D902D-0053-49B3-B32F-F0AC8883704E}.AppStore|iPhoneSimulator.Deploy.0 = Release|Any CPU
		{C16D902D-0053-49B3-B32F-F0AC8883704E}.AppStore|x64.ActiveCfg = Release|Any CPU
		{C16D902D-0053-49B3-B32F-F0AC8883704E}.AppStore|x64.Build.0 = Release|Any CPU
		{C16D902D-0053-49B3-B32F-F0AC8883704E}.AppStore|x64.Deploy.0 = Release|Any CPU
		{C16D902D-0053-49B3-B32F-F0AC8883704E}.AppStore|x86.ActiveCfg = Release|Any CPU
		{C16D902D-0053-49B3-B32F-F0AC8883704E}.AppStore|x86.Build.0 = Release|Any CPU
		{C16D902D-0053-49B3-B32F-F0AC8883704E}.AppStore|x86.Deploy.0 = Release|Any CPU
		{C16D902D-0053-49B3-B32F-F0AC8883704E}.Debug|Any CPU.ActiveCfg = Debug|Any CPU
		{C16D902D-0053-49B3-B32F-F0AC8883704E}.Debug|Any CPU.Build.0 = Debug|Any CPU
		{C16D902D-0053-49B3-B32F-F0AC8883704E}.Debug|Any CPU.Deploy.0 = Debug|Any CPU
		{C16D902D-0053-49B3-B32F-F0AC8883704E}.Debug|ARM.ActiveCfg = Debug|Any CPU
		{C16D902D-0053-49B3-B32F-F0AC8883704E}.Debug|ARM.Build.0 = Debug|Any CPU
		{C16D902D-0053-49B3-B32F-F0AC8883704E}.Debug|ARM.Deploy.0 = Debug|Any CPU
		{C16D902D-0053-49B3-B32F-F0AC8883704E}.Debug|iPhone.ActiveCfg = Debug|Any CPU
		{C16D902D-0053-49B3-B32F-F0AC8883704E}.Debug|iPhone.Build.0 = Debug|Any CPU
		{C16D902D-0053-49B3-B32F-F0AC8883704E}.Debug|iPhone.Deploy.0 = Debug|Any CPU
		{C16D902D-0053-49B3-B32F-F0AC8883704E}.Debug|iPhoneSimulator.ActiveCfg = Debug|Any CPU
		{C16D902D-0053-49B3-B32F-F0AC8883704E}.Debug|iPhoneSimulator.Build.0 = Debug|Any CPU
		{C16D902D-0053-49B3-B32F-F0AC8883704E}.Debug|iPhoneSimulator.Deploy.0 = Debug|Any CPU
		{C16D902D-0053-49B3-B32F-F0AC8883704E}.Debug|x64.ActiveCfg = Debug|Any CPU
		{C16D902D-0053-49B3-B32F-F0AC8883704E}.Debug|x64.Build.0 = Debug|Any CPU
		{C16D902D-0053-49B3-B32F-F0AC8883704E}.Debug|x64.Deploy.0 = Debug|Any CPU
		{C16D902D-0053-49B3-B32F-F0AC8883704E}.Debug|x86.ActiveCfg = Debug|Any CPU
		{C16D902D-0053-49B3-B32F-F0AC8883704E}.Debug|x86.Build.0 = Debug|Any CPU
		{C16D902D-0053-49B3-B32F-F0AC8883704E}.Debug|x86.Deploy.0 = Debug|Any CPU
		{C16D902D-0053-49B3-B32F-F0AC8883704E}.Release|Any CPU.ActiveCfg = Release|Any CPU
		{C16D902D-0053-49B3-B32F-F0AC8883704E}.Release|Any CPU.Build.0 = Release|Any CPU
		{C16D902D-0053-49B3-B32F-F0AC8883704E}.Release|Any CPU.Deploy.0 = Release|Any CPU
		{C16D902D-0053-49B3-B32F-F0AC8883704E}.Release|ARM.ActiveCfg = Release|Any CPU
		{C16D902D-0053-49B3-B32F-F0AC8883704E}.Release|ARM.Build.0 = Release|Any CPU
		{C16D902D-0053-49B3-B32F-F0AC8883704E}.Release|ARM.Deploy.0 = Release|Any CPU
		{C16D902D-0053-49B3-B32F-F0AC8883704E}.Release|iPhone.ActiveCfg = Release|Any CPU
		{C16D902D-0053-49B3-B32F-F0AC8883704E}.Release|iPhone.Build.0 = Release|Any CPU
		{C16D902D-0053-49B3-B32F-F0AC8883704E}.Release|iPhone.Deploy.0 = Release|Any CPU
		{C16D902D-0053-49B3-B32F-F0AC8883704E}.Release|iPhoneSimulator.ActiveCfg = Release|Any CPU
		{C16D902D-0053-49B3-B32F-F0AC8883704E}.Release|iPhoneSimulator.Build.0 = Release|Any CPU
		{C16D902D-0053-49B3-B32F-F0AC8883704E}.Release|iPhoneSimulator.Deploy.0 = Release|Any CPU
		{C16D902D-0053-49B3-B32F-F0AC8883704E}.Release|x64.ActiveCfg = Release|Any CPU
		{C16D902D-0053-49B3-B32F-F0AC8883704E}.Release|x64.Build.0 = Release|Any CPU
		{C16D902D-0053-49B3-B32F-F0AC8883704E}.Release|x64.Deploy.0 = Release|Any CPU
		{C16D902D-0053-49B3-B32F-F0AC8883704E}.Release|x86.ActiveCfg = Release|Any CPU
		{C16D902D-0053-49B3-B32F-F0AC8883704E}.Release|x86.Build.0 = Release|Any CPU
		{C16D902D-0053-49B3-B32F-F0AC8883704E}.Release|x86.Deploy.0 = Release|Any CPU
		{3C4002CA-5DE9-4DB5-B920-98EFEA2D4E80}.Ad-Hoc|Any CPU.ActiveCfg = Release|Any CPU
		{3C4002CA-5DE9-4DB5-B920-98EFEA2D4E80}.Ad-Hoc|Any CPU.Build.0 = Release|Any CPU
		{3C4002CA-5DE9-4DB5-B920-98EFEA2D4E80}.Ad-Hoc|ARM.ActiveCfg = Release|Any CPU
		{3C4002CA-5DE9-4DB5-B920-98EFEA2D4E80}.Ad-Hoc|ARM.Build.0 = Release|Any CPU
		{3C4002CA-5DE9-4DB5-B920-98EFEA2D4E80}.Ad-Hoc|iPhone.ActiveCfg = Release|Any CPU
		{3C4002CA-5DE9-4DB5-B920-98EFEA2D4E80}.Ad-Hoc|iPhone.Build.0 = Release|Any CPU
		{3C4002CA-5DE9-4DB5-B920-98EFEA2D4E80}.Ad-Hoc|iPhoneSimulator.ActiveCfg = Release|Any CPU
		{3C4002CA-5DE9-4DB5-B920-98EFEA2D4E80}.Ad-Hoc|iPhoneSimulator.Build.0 = Release|Any CPU
		{3C4002CA-5DE9-4DB5-B920-98EFEA2D4E80}.Ad-Hoc|x64.ActiveCfg = Release|Any CPU
		{3C4002CA-5DE9-4DB5-B920-98EFEA2D4E80}.Ad-Hoc|x64.Build.0 = Release|Any CPU
		{3C4002CA-5DE9-4DB5-B920-98EFEA2D4E80}.Ad-Hoc|x86.ActiveCfg = Release|Any CPU
		{3C4002CA-5DE9-4DB5-B920-98EFEA2D4E80}.Ad-Hoc|x86.Build.0 = Release|Any CPU
		{3C4002CA-5DE9-4DB5-B920-98EFEA2D4E80}.AppStore|Any CPU.ActiveCfg = Release|Any CPU
		{3C4002CA-5DE9-4DB5-B920-98EFEA2D4E80}.AppStore|Any CPU.Build.0 = Release|Any CPU
		{3C4002CA-5DE9-4DB5-B920-98EFEA2D4E80}.AppStore|ARM.ActiveCfg = Release|Any CPU
		{3C4002CA-5DE9-4DB5-B920-98EFEA2D4E80}.AppStore|ARM.Build.0 = Release|Any CPU
		{3C4002CA-5DE9-4DB5-B920-98EFEA2D4E80}.AppStore|iPhone.ActiveCfg = Release|Any CPU
		{3C4002CA-5DE9-4DB5-B920-98EFEA2D4E80}.AppStore|iPhone.Build.0 = Release|Any CPU
		{3C4002CA-5DE9-4DB5-B920-98EFEA2D4E80}.AppStore|iPhoneSimulator.ActiveCfg = Release|Any CPU
		{3C4002CA-5DE9-4DB5-B920-98EFEA2D4E80}.AppStore|iPhoneSimulator.Build.0 = Release|Any CPU
		{3C4002CA-5DE9-4DB5-B920-98EFEA2D4E80}.AppStore|x64.ActiveCfg = Release|Any CPU
		{3C4002CA-5DE9-4DB5-B920-98EFEA2D4E80}.AppStore|x64.Build.0 = Release|Any CPU
		{3C4002CA-5DE9-4DB5-B920-98EFEA2D4E80}.AppStore|x86.ActiveCfg = Release|Any CPU
		{3C4002CA-5DE9-4DB5-B920-98EFEA2D4E80}.AppStore|x86.Build.0 = Release|Any CPU
		{3C4002CA-5DE9-4DB5-B920-98EFEA2D4E80}.Debug|Any CPU.ActiveCfg = Debug|Any CPU
		{3C4002CA-5DE9-4DB5-B920-98EFEA2D4E80}.Debug|Any CPU.Build.0 = Debug|Any CPU
		{3C4002CA-5DE9-4DB5-B920-98EFEA2D4E80}.Debug|ARM.ActiveCfg = Debug|Any CPU
		{3C4002CA-5DE9-4DB5-B920-98EFEA2D4E80}.Debug|ARM.Build.0 = Debug|Any CPU
		{3C4002CA-5DE9-4DB5-B920-98EFEA2D4E80}.Debug|iPhone.ActiveCfg = Debug|Any CPU
		{3C4002CA-5DE9-4DB5-B920-98EFEA2D4E80}.Debug|iPhone.Build.0 = Debug|Any CPU
		{3C4002CA-5DE9-4DB5-B920-98EFEA2D4E80}.Debug|iPhoneSimulator.ActiveCfg = Debug|Any CPU
		{3C4002CA-5DE9-4DB5-B920-98EFEA2D4E80}.Debug|iPhoneSimulator.Build.0 = Debug|Any CPU
		{3C4002CA-5DE9-4DB5-B920-98EFEA2D4E80}.Debug|x64.ActiveCfg = Debug|Any CPU
		{3C4002CA-5DE9-4DB5-B920-98EFEA2D4E80}.Debug|x64.Build.0 = Debug|Any CPU
		{3C4002CA-5DE9-4DB5-B920-98EFEA2D4E80}.Debug|x86.ActiveCfg = Debug|Any CPU
		{3C4002CA-5DE9-4DB5-B920-98EFEA2D4E80}.Debug|x86.Build.0 = Debug|Any CPU
		{3C4002CA-5DE9-4DB5-B920-98EFEA2D4E80}.Release|Any CPU.ActiveCfg = Release|Any CPU
		{3C4002CA-5DE9-4DB5-B920-98EFEA2D4E80}.Release|Any CPU.Build.0 = Release|Any CPU
		{3C4002CA-5DE9-4DB5-B920-98EFEA2D4E80}.Release|ARM.ActiveCfg = Release|Any CPU
		{3C4002CA-5DE9-4DB5-B920-98EFEA2D4E80}.Release|ARM.Build.0 = Release|Any CPU
		{3C4002CA-5DE9-4DB5-B920-98EFEA2D4E80}.Release|iPhone.ActiveCfg = Release|Any CPU
		{3C4002CA-5DE9-4DB5-B920-98EFEA2D4E80}.Release|iPhone.Build.0 = Release|Any CPU
		{3C4002CA-5DE9-4DB5-B920-98EFEA2D4E80}.Release|iPhoneSimulator.ActiveCfg = Release|Any CPU
		{3C4002CA-5DE9-4DB5-B920-98EFEA2D4E80}.Release|iPhoneSimulator.Build.0 = Release|Any CPU
		{3C4002CA-5DE9-4DB5-B920-98EFEA2D4E80}.Release|x64.ActiveCfg = Release|Any CPU
		{3C4002CA-5DE9-4DB5-B920-98EFEA2D4E80}.Release|x64.Build.0 = Release|Any CPU
		{3C4002CA-5DE9-4DB5-B920-98EFEA2D4E80}.Release|x86.ActiveCfg = Release|Any CPU
		{3C4002CA-5DE9-4DB5-B920-98EFEA2D4E80}.Release|x86.Build.0 = Release|Any CPU
		{688D46EC-F6F3-4DF0-84D3-A7BD8991626F}.Ad-Hoc|Any CPU.ActiveCfg = Release|x86
		{688D46EC-F6F3-4DF0-84D3-A7BD8991626F}.Ad-Hoc|Any CPU.Build.0 = Release|x86
		{688D46EC-F6F3-4DF0-84D3-A7BD8991626F}.Ad-Hoc|Any CPU.Deploy.0 = Release|x86
		{688D46EC-F6F3-4DF0-84D3-A7BD8991626F}.Ad-Hoc|ARM.ActiveCfg = Release|ARM
		{688D46EC-F6F3-4DF0-84D3-A7BD8991626F}.Ad-Hoc|ARM.Build.0 = Release|ARM
		{688D46EC-F6F3-4DF0-84D3-A7BD8991626F}.Ad-Hoc|ARM.Deploy.0 = Release|ARM
		{688D46EC-F6F3-4DF0-84D3-A7BD8991626F}.Ad-Hoc|iPhone.ActiveCfg = Release|x86
		{688D46EC-F6F3-4DF0-84D3-A7BD8991626F}.Ad-Hoc|iPhone.Build.0 = Release|x86
		{688D46EC-F6F3-4DF0-84D3-A7BD8991626F}.Ad-Hoc|iPhone.Deploy.0 = Release|x86
		{688D46EC-F6F3-4DF0-84D3-A7BD8991626F}.Ad-Hoc|iPhoneSimulator.ActiveCfg = Release|x86
		{688D46EC-F6F3-4DF0-84D3-A7BD8991626F}.Ad-Hoc|iPhoneSimulator.Build.0 = Release|x86
		{688D46EC-F6F3-4DF0-84D3-A7BD8991626F}.Ad-Hoc|iPhoneSimulator.Deploy.0 = Release|x86
		{688D46EC-F6F3-4DF0-84D3-A7BD8991626F}.Ad-Hoc|x64.ActiveCfg = Release|x64
		{688D46EC-F6F3-4DF0-84D3-A7BD8991626F}.Ad-Hoc|x64.Build.0 = Release|x64
		{688D46EC-F6F3-4DF0-84D3-A7BD8991626F}.Ad-Hoc|x64.Deploy.0 = Release|x64
		{688D46EC-F6F3-4DF0-84D3-A7BD8991626F}.Ad-Hoc|x86.ActiveCfg = Release|x86
		{688D46EC-F6F3-4DF0-84D3-A7BD8991626F}.Ad-Hoc|x86.Build.0 = Release|x86
		{688D46EC-F6F3-4DF0-84D3-A7BD8991626F}.Ad-Hoc|x86.Deploy.0 = Release|x86
		{688D46EC-F6F3-4DF0-84D3-A7BD8991626F}.AppStore|Any CPU.ActiveCfg = Release|x86
		{688D46EC-F6F3-4DF0-84D3-A7BD8991626F}.AppStore|Any CPU.Build.0 = Release|x86
		{688D46EC-F6F3-4DF0-84D3-A7BD8991626F}.AppStore|Any CPU.Deploy.0 = Release|x86
		{688D46EC-F6F3-4DF0-84D3-A7BD8991626F}.AppStore|ARM.ActiveCfg = Release|ARM
		{688D46EC-F6F3-4DF0-84D3-A7BD8991626F}.AppStore|ARM.Build.0 = Release|ARM
		{688D46EC-F6F3-4DF0-84D3-A7BD8991626F}.AppStore|ARM.Deploy.0 = Release|ARM
		{688D46EC-F6F3-4DF0-84D3-A7BD8991626F}.AppStore|iPhone.ActiveCfg = Release|x86
		{688D46EC-F6F3-4DF0-84D3-A7BD8991626F}.AppStore|iPhone.Build.0 = Release|x86
		{688D46EC-F6F3-4DF0-84D3-A7BD8991626F}.AppStore|iPhone.Deploy.0 = Release|x86
		{688D46EC-F6F3-4DF0-84D3-A7BD8991626F}.AppStore|iPhoneSimulator.ActiveCfg = Release|x86
		{688D46EC-F6F3-4DF0-84D3-A7BD8991626F}.AppStore|iPhoneSimulator.Build.0 = Release|x86
		{688D46EC-F6F3-4DF0-84D3-A7BD8991626F}.AppStore|iPhoneSimulator.Deploy.0 = Release|x86
		{688D46EC-F6F3-4DF0-84D3-A7BD8991626F}.AppStore|x64.ActiveCfg = Release|x64
		{688D46EC-F6F3-4DF0-84D3-A7BD8991626F}.AppStore|x64.Build.0 = Release|x64
		{688D46EC-F6F3-4DF0-84D3-A7BD8991626F}.AppStore|x64.Deploy.0 = Release|x64
		{688D46EC-F6F3-4DF0-84D3-A7BD8991626F}.AppStore|x86.ActiveCfg = Release|x86
		{688D46EC-F6F3-4DF0-84D3-A7BD8991626F}.AppStore|x86.Build.0 = Release|x86
		{688D46EC-F6F3-4DF0-84D3-A7BD8991626F}.AppStore|x86.Deploy.0 = Release|x86
		{688D46EC-F6F3-4DF0-84D3-A7BD8991626F}.Debug|Any CPU.ActiveCfg = Debug|x86
		{688D46EC-F6F3-4DF0-84D3-A7BD8991626F}.Debug|ARM.ActiveCfg = Debug|ARM
		{688D46EC-F6F3-4DF0-84D3-A7BD8991626F}.Debug|ARM.Build.0 = Debug|ARM
		{688D46EC-F6F3-4DF0-84D3-A7BD8991626F}.Debug|ARM.Deploy.0 = Debug|ARM
		{688D46EC-F6F3-4DF0-84D3-A7BD8991626F}.Debug|iPhone.ActiveCfg = Debug|x86
		{688D46EC-F6F3-4DF0-84D3-A7BD8991626F}.Debug|iPhoneSimulator.ActiveCfg = Debug|x86
		{688D46EC-F6F3-4DF0-84D3-A7BD8991626F}.Debug|x64.ActiveCfg = Debug|x64
		{688D46EC-F6F3-4DF0-84D3-A7BD8991626F}.Debug|x64.Build.0 = Debug|x64
		{688D46EC-F6F3-4DF0-84D3-A7BD8991626F}.Debug|x64.Deploy.0 = Debug|x64
		{688D46EC-F6F3-4DF0-84D3-A7BD8991626F}.Debug|x86.ActiveCfg = Debug|x86
		{688D46EC-F6F3-4DF0-84D3-A7BD8991626F}.Debug|x86.Build.0 = Debug|x86
		{688D46EC-F6F3-4DF0-84D3-A7BD8991626F}.Debug|x86.Deploy.0 = Debug|x86
		{688D46EC-F6F3-4DF0-84D3-A7BD8991626F}.Release|Any CPU.ActiveCfg = Release|x86
		{688D46EC-F6F3-4DF0-84D3-A7BD8991626F}.Release|ARM.ActiveCfg = Release|ARM
		{688D46EC-F6F3-4DF0-84D3-A7BD8991626F}.Release|ARM.Build.0 = Release|ARM
		{688D46EC-F6F3-4DF0-84D3-A7BD8991626F}.Release|ARM.Deploy.0 = Release|ARM
		{688D46EC-F6F3-4DF0-84D3-A7BD8991626F}.Release|iPhone.ActiveCfg = Release|x86
		{688D46EC-F6F3-4DF0-84D3-A7BD8991626F}.Release|iPhoneSimulator.ActiveCfg = Release|x86
		{688D46EC-F6F3-4DF0-84D3-A7BD8991626F}.Release|x64.ActiveCfg = Release|x64
		{688D46EC-F6F3-4DF0-84D3-A7BD8991626F}.Release|x64.Build.0 = Release|x64
		{688D46EC-F6F3-4DF0-84D3-A7BD8991626F}.Release|x64.Deploy.0 = Release|x64
		{688D46EC-F6F3-4DF0-84D3-A7BD8991626F}.Release|x86.ActiveCfg = Release|x86
		{688D46EC-F6F3-4DF0-84D3-A7BD8991626F}.Release|x86.Build.0 = Release|x86
		{688D46EC-F6F3-4DF0-84D3-A7BD8991626F}.Release|x86.Deploy.0 = Release|x86
		{C20A3B10-7D1B-4157-9FC4-9CBBCE40E984}.Ad-Hoc|Any CPU.ActiveCfg = Ad-Hoc|iPhoneSimulator
		{C20A3B10-7D1B-4157-9FC4-9CBBCE40E984}.Ad-Hoc|ARM.ActiveCfg = Ad-Hoc|iPhone
		{C20A3B10-7D1B-4157-9FC4-9CBBCE40E984}.Ad-Hoc|iPhone.ActiveCfg = Ad-Hoc|iPhone
		{C20A3B10-7D1B-4157-9FC4-9CBBCE40E984}.Ad-Hoc|iPhone.Build.0 = Ad-Hoc|iPhone
		{C20A3B10-7D1B-4157-9FC4-9CBBCE40E984}.Ad-Hoc|iPhoneSimulator.ActiveCfg = Ad-Hoc|iPhoneSimulator
		{C20A3B10-7D1B-4157-9FC4-9CBBCE40E984}.Ad-Hoc|iPhoneSimulator.Build.0 = Ad-Hoc|iPhoneSimulator
		{C20A3B10-7D1B-4157-9FC4-9CBBCE40E984}.Ad-Hoc|x64.ActiveCfg = Ad-Hoc|iPhone
		{C20A3B10-7D1B-4157-9FC4-9CBBCE40E984}.Ad-Hoc|x86.ActiveCfg = Ad-Hoc|iPhone
		{C20A3B10-7D1B-4157-9FC4-9CBBCE40E984}.AppStore|Any CPU.ActiveCfg = AppStore|iPhoneSimulator
		{C20A3B10-7D1B-4157-9FC4-9CBBCE40E984}.AppStore|ARM.ActiveCfg = AppStore|iPhone
		{C20A3B10-7D1B-4157-9FC4-9CBBCE40E984}.AppStore|iPhone.ActiveCfg = AppStore|iPhone
		{C20A3B10-7D1B-4157-9FC4-9CBBCE40E984}.AppStore|iPhone.Build.0 = AppStore|iPhone
		{C20A3B10-7D1B-4157-9FC4-9CBBCE40E984}.AppStore|iPhoneSimulator.ActiveCfg = AppStore|iPhoneSimulator
		{C20A3B10-7D1B-4157-9FC4-9CBBCE40E984}.AppStore|iPhoneSimulator.Build.0 = AppStore|iPhoneSimulator
		{C20A3B10-7D1B-4157-9FC4-9CBBCE40E984}.AppStore|x64.ActiveCfg = AppStore|iPhone
		{C20A3B10-7D1B-4157-9FC4-9CBBCE40E984}.AppStore|x86.ActiveCfg = AppStore|iPhone
		{C20A3B10-7D1B-4157-9FC4-9CBBCE40E984}.Debug|Any CPU.ActiveCfg = Debug|iPhoneSimulator
		{C20A3B10-7D1B-4157-9FC4-9CBBCE40E984}.Debug|ARM.ActiveCfg = Debug|iPhone
		{C20A3B10-7D1B-4157-9FC4-9CBBCE40E984}.Debug|iPhone.ActiveCfg = Debug|iPhone
		{C20A3B10-7D1B-4157-9FC4-9CBBCE40E984}.Debug|iPhone.Build.0 = Debug|iPhone
		{C20A3B10-7D1B-4157-9FC4-9CBBCE40E984}.Debug|iPhoneSimulator.ActiveCfg = Debug|iPhoneSimulator
		{C20A3B10-7D1B-4157-9FC4-9CBBCE40E984}.Debug|iPhoneSimulator.Build.0 = Debug|iPhoneSimulator
		{C20A3B10-7D1B-4157-9FC4-9CBBCE40E984}.Debug|x64.ActiveCfg = Debug|iPhone
		{C20A3B10-7D1B-4157-9FC4-9CBBCE40E984}.Debug|x86.ActiveCfg = Debug|iPhone
		{C20A3B10-7D1B-4157-9FC4-9CBBCE40E984}.Release|Any CPU.ActiveCfg = Release|iPhoneSimulator
		{C20A3B10-7D1B-4157-9FC4-9CBBCE40E984}.Release|ARM.ActiveCfg = Release|iPhone
		{C20A3B10-7D1B-4157-9FC4-9CBBCE40E984}.Release|iPhone.ActiveCfg = Release|iPhone
		{C20A3B10-7D1B-4157-9FC4-9CBBCE40E984}.Release|iPhone.Build.0 = Release|iPhone
		{C20A3B10-7D1B-4157-9FC4-9CBBCE40E984}.Release|iPhoneSimulator.ActiveCfg = Release|iPhoneSimulator
		{C20A3B10-7D1B-4157-9FC4-9CBBCE40E984}.Release|iPhoneSimulator.Build.0 = Release|iPhoneSimulator
		{C20A3B10-7D1B-4157-9FC4-9CBBCE40E984}.Release|x64.ActiveCfg = Release|iPhone
		{C20A3B10-7D1B-4157-9FC4-9CBBCE40E984}.Release|x86.ActiveCfg = Release|iPhone
	EndGlobalSection
	GlobalSection(SolutionProperties) = preSolution
		HideSolutionNode = FALSE
	EndGlobalSection
	GlobalSection(ExtensibilityGlobals) = postSolution
		SolutionGuid = {171C0A4A-5A02-4045-A4BB-4368D99D874D}
	EndGlobalSection
EndGlobal
